
Microsoft Visual Studio Solution File, Format Version 12.00
# Visual Studio Version 16
VisualStudioVersion = 16.0.29613.14
MinimumVisualStudioVersion = 10.0.40219.1
Project("{FAE04EC0-301F-11D3-BF4B-00C04F79EFBC}") = "weatherapp", "weatherapp.csproj", "{8F0DEE12-EAEE-47E4-81A7-27DFD118E9A0}"
EndProject
Global
	GlobalSection(SolutionConfigurationPlatforms) = preSolution
		Debug|Any CPU = Debug|Any CPU
		Release|Any CPU = Release|Any CPU
	EndGlobalSection
	GlobalSection(ProjectConfigurationPlatforms) = postSolution
		{8F0DEE12-EAEE-47E4-81A7-27DFD118E9A0}.Debug|Any CPU.ActiveCfg = Debug|Any CPU
		{8F0DEE12-EAEE-47E4-81A7-27DFD118E9A0}.Debug|Any CPU.Build.0 = Debug|Any CPU
		{8F0DEE12-EAEE-47E4-81A7-27DFD118E9A0}.Release|Any CPU.ActiveCfg = Release|Any CPU
		{8F0DEE12-EAEE-47E4-81A7-27DFD118E9A0}.Release|Any CPU.Build.0 = Release|Any CPU
	EndGlobalSection
	GlobalSection(SolutionProperties) = preSolution
		HideSolutionNode = FALSE
	EndGlobalSection
	GlobalSection(ExtensibilityGlobals) = postSolution
		SolutionGuid = {CEEE27B7-5219-4AC5-9B6B-562195C4B0AA}
	EndGlobalSection
EndGlobal
